// !$*UTF8*$!
{
	archiveVersion = 1;
	classes = {
	};
	objectVersion = 77;
	objects = {

/* Begin PBXBuildFile section */
		768912472FD9B38E0046BFF8 /* FirebaseAnalytics in Frameworks */ = {isa = PBXBuildFile; productRef = 768912462FD9B38E0046BFF8 /* FirebaseAnalytics */; };
		768912492FD9B38E0046BFF8 /* FirebaseAnalyticsCore in Frameworks */ = {isa = PBXBuildFile; productRef = 768912482FD9B38E0046BFF8 /* FirebaseAnalyticsCore */; };
		7689124B2FD9B38E0046BFF8 /* FirebaseCore in Frameworks */ = {isa = PBXBuildFile; productRef = 7689124A2FD9B38E0046BFF8 /* FirebaseCore */; };
		7689124D2FD9B38E0046BFF8 /* FirebaseCrashlytics in Frameworks */ = {isa = PBXBuildFile; productRef = 7689124C2FD9B38E0046BFF8 /* FirebaseCrashlytics */; };
		7689124F2FD9B38E0046BFF8 /* FirebaseMessaging in Frameworks */ = {isa = PBXBuildFile; productRef = 7689124E2FD9B38E0046BFF8 /* FirebaseMessaging */; };
		768912512FD9B38E0046BFF8 /* FirebasePerformance in Frameworks */ = {isa = PBXBuildFile; productRef = 768912502FD9B38E0046BFF8 /* FirebasePerformance */; };
		768912532FD9B38E0046BFF8 /* FirebaseRemoteConfig in Frameworks */ = {isa = PBXBuildFile; productRef = 768912522FD9B38E0046BFF8 /* FirebaseRemoteConfig */; };
		768912552FD9B38E0046BFF8 /* BrazeKit in Frameworks */ = {isa = PBXBuildFile; productRef = 768912542FD9B38E0046BFF8 /* BrazeKit */; };
		768912572FD9B4700046BFF8 /* GoogleTagManager.xcframework in Frameworks */ = {isa = PBXBuildFile; fileRef = 768912562FD9B46F0046BFF8 /* GoogleTagManager.xcframework */; };
		768912582FD9B6750046BFF8 /* GoogleTagManager.xcframework in Frameworks */ = {isa = PBXBuildFile; fileRef = 768912562FD9B46F0046BFF8 /* GoogleTagManager.xcframework */; };
		768912592FD9B6750046BFF8 /* GoogleTagManager.xcframework in Embed Frameworks */ = {isa = PBXBuildFile; fileRef = 768912562FD9B46F0046BFF8 /* GoogleTagManager.xcframework */; settings = {ATTRIBUTES = (CodeSignOnCopy, RemoveHeadersOnCopy, ); }; };
		7689125D2FD9B6CF0046BFF8 /* GoogleTagManager.xcframework in Frameworks */ = {isa = PBXBuildFile; fileRef = 768912562FD9B46F0046BFF8 /* GoogleTagManager.xcframework */; };
/* End PBXBuildFile section */

/* Begin PBXContainerItemProxy section */
		761550252F216A0B000F14AE /* PBXContainerItemProxy */ = {
			isa = PBXContainerItemProxy;
			containerPortal = 7615500F2F216A09000F14AE /* Project object */;
			proxyType = 1;
			remoteGlobalIDString = 761550162F216A09000F14AE;
			remoteInfo = dummy.app.2026;
		};
		7615502F2F216A0B000F14AE /* PBXContainerItemProxy */ = {
			isa = PBXContainerItemProxy;
			containerPortal = 7615500F2F216A09000F14AE /* Project object */;
			proxyType = 1;
			remoteGlobalIDString = 761550162F216A09000F14AE;
			remoteInfo = dummy.app.2026;
		};
/* End PBXContainerItemProxy section */

/* Begin PBXCopyFilesBuildPhase section */
		76E780862F27BF83008A9162 /* Embed Frameworks */ = {
			isa = PBXCopyFilesBuildPhase;
			buildActionMask = 2147483647;
			dstPath = "";
			dstSubfolderSpec = 10;
			files = (
				768912592FD9B6750046BFF8 /* GoogleTagManager.xcframework in Embed Frameworks */,
			);
			name = "Embed Frameworks";
			runOnlyForDeploymentPostprocessing = 0;
		};
/* End PBXCopyFilesBuildPhase section */

/* Begin PBXFileReference section */
		761550172F216A09000F14AE /* dummy.app.2026.app */ = {isa = PBXFileReference; explicitFileType = wrapper.application; includeInIndex = 0; path = dummy.app.2026.app; sourceTree = BUILT_PRODUCTS_DIR; };
		761550242F216A0B000F14AE /* dummy.app.2026Tests.xctest */ = {isa = PBXFileReference; explicitFileType = wrapper.cfbundle; includeInIndex = 0; path = dummy.app.2026Tests.xctest; sourceTree = BUILT_PRODUCTS_DIR; };
		7615502E2F216A0B000F14AE /* dummy.app.2026UITests.xctest */ = {isa = PBXFileReference; explicitFileType = wrapper.cfbundle; includeInIndex = 0; path = dummy.app.2026UITests.xctest; sourceTree = BUILT_PRODUCTS_DIR; };
		768912562FD9B46F0046BFF8 /* GoogleTagManager.xcframework */ = {isa = PBXFileReference; expectedSignature = "AppleDeveloperProgram:EQHXZ8M8AV:Google LLC"; lastKnownFileType = wrapper.xcframework; path = GoogleTagManager.xcframework; sourceTree = "<group>"; };
/* End PBXFileReference section */

/* Begin PBXFileSystemSynchronizedBuildFileExceptionSet section */
		76CC50DD2F2DB27E00DBC83A /* Exceptions for "dummy.app.2026" folder in "dummy.app.2026Tests" target */ = {
			isa = PBXFileSystemSynchronizedBuildFileExceptionSet;
			membershipExceptions = (
				secrets/BrazeSecrets.plist,
				secrets/GoogleTagManagerSecrets.plist,
			);
			target = 761550232F216A0B000F14AE /* dummy.app.2026Tests */;
		};
		76CC50DE2F2DB27E00DBC83A /* Exceptions for "dummy.app.2026" folder in "dummy.app.2026UITests" target */ = {
			isa = PBXFileSystemSynchronizedBuildFileExceptionSet;
			membershipExceptions = (
				secrets/BrazeSecrets.plist,
				secrets/GoogleTagManagerSecrets.plist,
			);
			target = 7615502D2F216A0B000F14AE /* dummy.app.2026UITests */;
		};
/* End PBXFileSystemSynchronizedBuildFileExceptionSet section */

/* Begin PBXFileSystemSynchronizedRootGroup section */
		761550272F216A0B000F14AE /* dummy.app.2026Tests */ = {
			isa = PBXFileSystemSynchronizedRootGroup;
			path = dummy.app.2026Tests;
			sourceTree = "<group>";
		};
		761550312F216A0B000F14AE /* dummy.app.2026UITests */ = {
			isa = PBXFileSystemSynchronizedRootGroup;
			path = dummy.app.2026UITests;
			sourceTree = "<group>";
		};
		763C9ACB2F29EEDB00D306BA /* dummy.app.2026 */ = {
			isa = PBXFileSystemSynchronizedRootGroup;
			exceptions = (
				76CC50DD2F2DB27E00DBC83A /* Exceptions for "dummy.app.2026" folder in "dummy.app.2026Tests" target */,
				76CC50DE2F2DB27E00DBC83A /* Exceptions for "dummy.app.2026" folder in "dummy.app.2026UITests" target */,
			);
			explicitFileTypes = {
				secrets/BrazeSecrets.plist = text.plist.info;
				secrets/GoogleTagManagerSecrets.plist = text.plist.info;
			};
			explicitFolders = (
				container,
			);
			path = dummy.app.2026;
			sourceTree = "<group>";
		};
/* End PBXFileSystemSynchronizedRootGroup section */

/* Begin PBXFrameworksBuildPhase section */
		761550142F216A09000F14AE /* Frameworks */ = {
			isa = PBXFrameworksBuildPhase;
			buildActionMask = 2147483647;
			files = (
				768912582FD9B6750046BFF8 /* GoogleTagManager.xcframework in Frameworks */,
				7689125D2FD9B6CF0046BFF8 /* GoogleTagManager.xcframework in Frameworks */,
				768912572FD9B4700046BFF8 /* GoogleTagManager.xcframework in Frameworks */,
				768912532FD9B38E0046BFF8 /* FirebaseRemoteConfig in Frameworks */,
				768912552FD9B38E0046BFF8 /* BrazeKit in Frameworks */,
				7689124B2FD9B38E0046BFF8 /* FirebaseCore in Frameworks */,
				7689124F2FD9B38E0046BFF8 /* FirebaseMessaging in Frameworks */,
				7689124D2FD9B38E0046BFF8 /* FirebaseCrashlytics in Frameworks */,
				768912472FD9B38E0046BFF8 /* FirebaseAnalytics in Frameworks */,
				768912512FD9B38E0046BFF8 /* FirebasePerformance in Frameworks */,
				768912492FD9B38E0046BFF8 /* FirebaseAnalyticsCore in Frameworks */,
			);
			runOnlyForDeploymentPostprocessing = 0;
		};
		761550212F216A0B000F14AE /* Frameworks */ = {
			isa = PBXFrameworksBuildPhase;
			buildActionMask = 2147483647;
			files = (
			);
			runOnlyForDeploymentPostprocessing = 0;
		};
		7615502B2F216A0B000F14AE /* Frameworks */ = {
			isa = PBXFrameworksBuildPhase;
			buildActionMask = 2147483647;
			files = (
			);
			runOnlyForDeploymentPostprocessing = 0;
		};
/* End PBXFrameworksBuildPhase section */

/* Begin PBXGroup section */
		5BA84B3A6F01DB194DDDF304 /* Pods */ = {
			isa = PBXGroup;
			children = (
			);
			path = Pods;
			sourceTree = "<group>";
		};
		7615500E2F216A09000F14AE = {
			isa = PBXGroup;
			children = (
				763C9ACB2F29EEDB00D306BA /* dummy.app.2026 */,
				761550272F216A0B000F14AE /* dummy.app.2026Tests */,
				761550312F216A0B000F14AE /* dummy.app.2026UITests */,
				761550182F216A09000F14AE /* Products */,
				5BA84B3A6F01DB194DDDF304 /* Pods */,
				8A4CB391B7FE968DC6E8235A /* Frameworks */,
				768912562FD9B46F0046BFF8 /* GoogleTagManager.xcframework */,
			);
			sourceTree = "<group>";
		};
		761550182F216A09000F14AE /* Products */ = {
			isa = PBXGroup;
			children = (
				761550172F216A09000F14AE /* dummy.app.2026.app */,
				761550242F216A0B000F14AE /* dummy.app.2026Tests.xctest */,
				7615502E2F216A0B000F14AE /* dummy.app.2026UITests.xctest */,
			);
			name = Products;
			sourceTree = "<group>";
		};
		8A4CB391B7FE968DC6E8235A /* Frameworks */ = {
			isa = PBXGroup;
			children = (
			);
			name = Frameworks;
			sourceTree = "<group>";
		};
/* End PBXGroup section */

/* Begin PBXNativeTarget section */
		761550162F216A09000F14AE /* dummy.app.2026 */ = {
			isa = PBXNativeTarget;
			buildConfigurationList = 761550382F216A0B000F14AE /* Build configuration list for PBXNativeTarget "dummy.app.2026" */;
			buildPhases = (
				761550132F216A09000F14AE /* Sources */,
				761550142F216A09000F14AE /* Frameworks */,
				761550152F216A09000F14AE /* Resources */,
				76E780862F27BF83008A9162 /* Embed Frameworks */,
			);
			buildRules = (
			);
			dependencies = (
			);
			fileSystemSynchronizedGroups = (
				763C9ACB2F29EEDB00D306BA /* dummy.app.2026 */,
			);
			name = dummy.app.2026;
			productName = dummy.app.2026;
			productReference = 761550172F216A09000F14AE /* dummy.app.2026.app */;
			productType = "com.apple.product-type.application";
		};
		761550232F216A0B000F14AE /* dummy.app.2026Tests */ = {
			isa = PBXNativeTarget;
			buildConfigurationList = 7615503B2F216A0B000F14AE /* Build configuration list for PBXNativeTarget "dummy.app.2026Tests" */;
			buildPhases = (
				761550202F216A0B000F14AE /* Sources */,
				761550212F216A0B000F14AE /* Frameworks */,
				761550222F216A0B000F14AE /* Resources */,
			);
			buildRules = (
			);
			dependencies = (
				761550262F216A0B000F14AE /* PBXTargetDependency */,
			);
			fileSystemSynchronizedGroups = (
				761550272F216A0B000F14AE /* dummy.app.2026Tests */,
			);
			name = dummy.app.2026Tests;
			productName = dummy.app.2026Tests;
			productReference = 761550242F216A0B000F14AE /* dummy.app.2026Tests.xctest */;
			productType = "com.apple.product-type.bundle.unit-test";
		};
		7615502D2F216A0B000F14AE /* dummy.app.2026UITests */ = {
			isa = PBXNativeTarget;
			buildConfigurationList = 7615503E2F216A0B000F14AE /* Build configuration list for PBXNativeTarget "dummy.app.2026UITests" */;
			buildPhases = (
				7615502A2F216A0B000F14AE /* Sources */,
				7615502B2F216A0B000F14AE /* Frameworks */,
				7615502C2F216A0B000F14AE /* Resources */,
			);
			buildRules = (
			);
			dependencies = (
				761550302F216A0B000F14AE /* PBXTargetDependency */,
			);
			fileSystemSynchronizedGroups = (
				761550312F216A0B000F14AE /* dummy.app.2026UITests */,
			);
			name = dummy.app.2026UITests;
			productName = dummy.app.2026UITests;
			productReference = 7615502E2F216A0B000F14AE /* dummy.app.2026UITests.xctest */;
			productType = "com.apple.product-type.bundle.ui-testing";
		};
/* End PBXNativeTarget section */

/* Begin PBXProject section */
		7615500F2F216A09000F14AE /* Project object */ = {
			isa = PBXProject;
			attributes = {
				BuildIndependentTargetsInParallel = 1;
				LastSwiftUpdateCheck = 1640;
				LastUpgradeCheck = 2620;
				TargetAttributes = {
					761550162F216A09000F14AE = {
						CreatedOnToolsVersion = 16.4;
					};
					761550232F216A0B000F14AE = {
						CreatedOnToolsVersion = 16.4;
						TestTargetID = 761550162F216A09000F14AE;
					};
					7615502D2F216A0B000F14AE = {
						CreatedOnToolsVersion = 16.4;
						TestTargetID = 761550162F216A09000F14AE;
					};
				};
			};
			buildConfigurationList = 761550122F216A09000F14AE /* Build configuration list for PBXProject "dummy.app.2026" */;
			developmentRegion = en;
			hasScannedForEncodings = 0;
			knownRegions = (
				en,
				Base,
			);
			mainGroup = 7615500E2F216A09000F14AE;
			minimizedProjectReferenceProxies = 1;
			packageReferences = (
				761BF3A12FD9A68F003183DA /* XCRemoteSwiftPackageReference "firebase-ios-sdk" */,
				761BF3A22FD9AB06003183DA /* XCRemoteSwiftPackageReference "braze-swift-sdk" */,
			);
			preferredProjectObjectVersion = 77;
			productRefGroup = 761550182F216A09000F14AE /* Products */;
			projectDirPath = "";
			projectRoot = "";
			targets = (
				761550162F216A09000F14AE /* dummy.app.2026 */,
				761550232F216A0B000F14AE /* dummy.app.2026Tests */,
				7615502D2F216A0B000F14AE /* dummy.app.2026UITests */,
			);
		};
/* End PBXProject section */

/* Begin PBXResourcesBuildPhase section */
		761550152F216A09000F14AE /* Resources */ = {
			isa = PBXResourcesBuildPhase;
			buildActionMask = 2147483647;
			files = (
			);
			runOnlyForDeploymentPostprocessing = 0;
		};
		761550222F216A0B000F14AE /* Resources */ = {
			isa = PBXResourcesBuildPhase;
			buildActionMask = 2147483647;
			files = (
			);
			runOnlyForDeploymentPostprocessing = 0;
		};
		7615502C2F216A0B000F14AE /* Resources */ = {
			isa = PBXResourcesBuildPhase;
			buildActionMask = 2147483647;
			files = (
			);
			runOnlyForDeploymentPostprocessing = 0;
		};
/* End PBXResourcesBuildPhase section */

/* Begin PBXSourcesBuildPhase section */
		761550132F216A09000F14AE /* Sources */ = {
			isa = PBXSourcesBuildPhase;
			buildActionMask = 2147483647;
			files = (
			);
			runOnlyForDeploymentPostprocessing = 0;
		};
		761550202F216A0B000F14AE /* Sources */ = {
			isa = PBXSourcesBuildPhase;
			buildActionMask = 2147483647;
			files = (
			);
			runOnlyForDeploymentPostprocessing = 0;
		};
		7615502A2F216A0B000F14AE /* Sources */ = {
			isa = PBXSourcesBuildPhase;
			buildActionMask = 2147483647;
			files = (
			);
			runOnlyForDeploymentPostprocessing = 0;
		};
/* End PBXSourcesBuildPhase section */

/* Begin PBXTargetDependency section */
		761550262F216A0B000F14AE /* PBXTargetDependency */ = {
			isa = PBXTargetDependency;
			target = 761550162F216A09000F14AE /* dummy.app.2026 */;
			targetProxy = 761550252F216A0B000F14AE /* PBXContainerItemProxy */;
		};
		761550302F216A0B000F14AE /* PBXTargetDependency */ = {
			isa = PBXTargetDependency;
			target = 761550162F216A09000F14AE /* dummy.app.2026 */;
			targetProxy = 7615502F2F216A0B000F14AE /* PBXContainerItemProxy */;
		};
/* End PBXTargetDependency section */

/* Begin XCBuildConfiguration section */
		761550362F216A0B000F14AE /* Debug */ = {
			isa = XCBuildConfiguration;
			buildSettings = {
				ALWAYS_SEARCH_USER_PATHS = NO;
				ASSETCATALOG_COMPILER_GENERATE_SWIFT_ASSET_SYMBOL_EXTENSIONS = YES;
				CLANG_ANALYZER_NONNULL = YES;
				CLANG_ANALYZER_NUMBER_OBJECT_CONVERSION = YES_AGGRESSIVE;
				CLANG_CXX_LANGUAGE_STANDARD = "gnu++20";
				CLANG_ENABLE_MODULES = YES;
				CLANG_ENABLE_OBJC_ARC = YES;
				CLANG_ENABLE_OBJC_WEAK = YES;
				CLANG_WARN_BLOCK_CAPTURE_AUTORELEASING = YES;
				CLANG_WARN_BOOL_CONVERSION = YES;
				CLANG_WARN_COMMA = YES;
				CLANG_WARN_CONSTANT_CONVERSION = YES;
				CLANG_WARN_DEPRECATED_OBJC_IMPLEMENTATIONS = YES;
				CLANG_WARN_DIRECT_OBJC_ISA_USAGE = YES_ERROR;
				CLANG_WARN_DOCUMENTATION_COMMENTS = YES;
				CLANG_WARN_EMPTY_BODY = YES;
				CLANG_WARN_ENUM_CONVERSION = YES;
				CLANG_WARN_INFINITE_RECURSION = YES;
				CLANG_WARN_INT_CONVERSION = YES;
				CLANG_WARN_NON_LITERAL_NULL_CONVERSION = YES;
				CLANG_WARN_OBJC_IMPLICIT_RETAIN_SELF = YES;
				CLANG_WARN_OBJC_LITERAL_CONVERSION = YES;
				CLANG_WARN_OBJC_ROOT_CLASS = YES_ERROR;
				CLANG_WARN_QUOTED_INCLUDE_IN_FRAMEWORK_HEADER = YES;
				CLANG_WARN_RANGE_LOOP_ANALYSIS = YES;
				CLANG_WARN_STRICT_PROTOTYPES = YES;
				CLANG_WARN_SUSPICIOUS_MOVE = YES;
				CLANG_WARN_UNGUARDED_AVAILABILITY = YES_AGGRESSIVE;
				CLANG_WARN_UNREACHABLE_CODE = YES;
				CLANG_WARN__DUPLICATE_METHOD_MATCH = YES;
				COPY_PHASE_STRIP = NO;
				DEBUG_INFORMATION_FORMAT = dwarf;
				ENABLE_STRICT_OBJC_MSGSEND = YES;
				ENABLE_TESTABILITY = YES;
				ENABLE_USER_SCRIPT_SANDBOXING = YES;
				GCC_C_LANGUAGE_STANDARD = gnu17;
				GCC_DYNAMIC_NO_PIC = NO;
				GCC_NO_COMMON_BLOCKS = YES;
				GCC_OPTIMIZATION_LEVEL = 0;
				GCC_PREPROCESSOR_DEFINITIONS = (
					"DEBUG=1",
					"$(inherited)",
				);
				GCC_WARN_64_TO_32_BIT_CONVERSION = YES;
				GCC_WARN_ABOUT_RETURN_TYPE = YES_ERROR;
				GCC_WARN_UNDECLARED_SELECTOR = YES;
				GCC_WARN_UNINITIALIZED_AUTOS = YES_AGGRESSIVE;
				GCC_WARN_UNUSED_FUNCTION = YES;
				GCC_WARN_UNUSED_VARIABLE = YES;
				IPHONEOS_DEPLOYMENT_TARGET = 18.5;
				LOCALIZATION_PREFERS_STRING_CATALOGS = YES;
				MTL_ENABLE_DEBUG_INFO = INCLUDE_SOURCE;
				MTL_FAST_MATH = YES;
				ONLY_ACTIVE_ARCH = YES;
				SDKROOT = iphoneos;
				STRING_CATALOG_GENERATE_SYMBOLS = YES;
				SWIFT_ACTIVE_COMPILATION_CONDITIONS = "DEBUG $(inherited)";
				SWIFT_OPTIMIZATION_LEVEL = "-Onone";
			};
			name = Debug;
		};
		761550372F216A0B000F14AE /* Release */ = {
			isa = XCBuildConfiguration;
			buildSettings = {
				ALWAYS_SEARCH_USER_PATHS = NO;
				ASSETCATALOG_COMPILER_GENERATE_SWIFT_ASSET_SYMBOL_EXTENSIONS = YES;
				CLANG_ANALYZER_NONNULL = YES;
				CLANG_ANALYZER_NUMBER_OBJECT_CONVERSION = YES_AGGRESSIVE;
				CLANG_CXX_LANGUAGE_STANDARD = "gnu++20";
				CLANG_ENABLE_MODULES = YES;
				CLANG_ENABLE_OBJC_ARC = YES;
				CLANG_ENABLE_OBJC_WEAK = YES;
				CLANG_WARN_BLOCK_CAPTURE_AUTORELEASING = YES;
				CLANG_WARN_BOOL_CONVERSION = YES;
				CLANG_WARN_COMMA = YES;
				CLANG_WARN_CONSTANT_CONVERSION = YES;
				CLANG_WARN_DEPRECATED_OBJC_IMPLEMENTATIONS = YES;
				CLANG_WARN_DIRECT_OBJC_ISA_USAGE = YES_ERROR;
				CLANG_WARN_DOCUMENTATION_COMMENTS = YES;
				CLANG_WARN_EMPTY_BODY = YES;
				CLANG_WARN_ENUM_CONVERSION = YES;
				CLANG_WARN_INFINITE_RECURSION = YES;
				CLANG_WARN_INT_CONVERSION = YES;
				CLANG_WARN_NON_LITERAL_NULL_CONVERSION = YES;
				CLANG_WARN_OBJC_IMPLICIT_RETAIN_SELF = YES;
				CLANG_WARN_OBJC_LITERAL_CONVERSION = YES;
				CLANG_WARN_OBJC_ROOT_CLASS = YES_ERROR;
				CLANG_WARN_QUOTED_INCLUDE_IN_FRAMEWORK_HEADER = YES;
				CLANG_WARN_RANGE_LOOP_ANALYSIS = YES;
				CLANG_WARN_STRICT_PROTOTYPES = YES;
				CLANG_WARN_SUSPICIOUS_MOVE = YES;
				CLANG_WARN_UNGUARDED_AVAILABILITY = YES_AGGRESSIVE;
				CLANG_WARN_UNREACHABLE_CODE = YES;
				CLANG_WARN__DUPLICATE_METHOD_MATCH = YES;
				COPY_PHASE_STRIP = NO;
				DEBUG_INFORMATION_FORMAT = "dwarf-with-dsym";
				ENABLE_NS_ASSERTIONS = NO;
				ENABLE_STRICT_OBJC_MSGSEND = YES;
				ENABLE_USER_SCRIPT_SANDBOXING = YES;
				GCC_C_LANGUAGE_STANDARD = gnu17;
				GCC_NO_COMMON_BLOCKS = YES;
				GCC_WARN_64_TO_32_BIT_CONVERSION = YES;
				GCC_WARN_ABOUT_RETURN_TYPE = YES_ERROR;
				GCC_WARN_UNDECLARED_SELECTOR = YES;
				GCC_WARN_UNINITIALIZED_AUTOS = YES_AGGRESSIVE;
				GCC_WARN_UNUSED_FUNCTION = YES;
				GCC_WARN_UNUSED_VARIABLE = YES;
				IPHONEOS_DEPLOYMENT_TARGET = 18.5;
				LOCALIZATION_PREFERS_STRING_CATALOGS = YES;
				MTL_ENABLE_DEBUG_INFO = NO;
				MTL_FAST_MATH = YES;
				SDKROOT = iphoneos;
				STRING_CATALOG_GENERATE_SYMBOLS = YES;
				SWIFT_COMPILATION_MODE = wholemodule;
				VALIDATE_PRODUCT = YES;
			};
			name = Release;
		};
		761550392F216A0B000F14AE /* Debug */ = {
			isa = XCBuildConfiguration;
			buildSettings = {
				ASSETCATALOG_COMPILER_APPICON_NAME = AppIcon;
				ASSETCATALOG_COMPILER_GLOBAL_ACCENT_COLOR_NAME = AccentColor;
				CODE_SIGN_STYLE = Automatic;
				CURRENT_PROJECT_VERSION = 1;
				DEVELOPMENT_TEAM = 8X7XT77XMM;
				ENABLE_PREVIEWS = YES;
				ENABLE_USER_SCRIPT_SANDBOXING = NO;
				GENERATE_INFOPLIST_FILE = YES;
				INFOPLIST_FILE = "dummy-app-2026-Info.plist";
				INFOPLIST_KEY_CFBundleDisplayName = "Firebase + Braze Dummy";
				INFOPLIST_KEY_LSApplicationCategoryType = "public.app-category.developer-tools";
				INFOPLIST_KEY_UIApplicationSceneManifest_Generation = YES;
				INFOPLIST_KEY_UIApplicationSupportsIndirectInputEvents = YES;
				INFOPLIST_KEY_UILaunchScreen_Generation = YES;
				INFOPLIST_KEY_UISupportedInterfaceOrientations_iPad = "UIInterfaceOrientationPortrait UIInterfaceOrientationPortraitUpsideDown UIInterfaceOrientationLandscapeLeft UIInterfaceOrientationLandscapeRight";
				INFOPLIST_KEY_UISupportedInterfaceOrientations_iPhone = "UIInterfaceOrientationPortrait UIInterfaceOrientationLandscapeLeft UIInterfaceOrientationLandscapeRight";
				LD_RUNPATH_SEARCH_PATHS = (
					"$(inherited)",
					"@executable_path/Frameworks",
				);
				MARKETING_VERSION = 1.0;
				PRODUCT_BUNDLE_IDENTIFIER = "momo.dummy-app-2026";
				PRODUCT_NAME = "$(TARGET_NAME)";
				SUPPORTED_PLATFORMS = "iphoneos iphonesimulator";
				SUPPORTS_MACCATALYST = NO;
				SUPPORTS_MAC_DESIGNED_FOR_IPHONE_IPAD = NO;
				SUPPORTS_XR_DESIGNED_FOR_IPHONE_IPAD = NO;
				SWIFT_EMIT_LOC_STRINGS = YES;
				SWIFT_OBJC_BRIDGING_HEADER = "";
				SWIFT_VERSION = 5.0;
				TARGETED_DEVICE_FAMILY = 1;
			};
			name = Debug;
		};
		7615503A2F216A0B000F14AE /* Release */ = {
			isa = XCBuildConfiguration;
			buildSettings = {
				ASSETCATALOG_COMPILER_APPICON_NAME = AppIcon;
				ASSETCATALOG_COMPILER_GLOBAL_ACCENT_COLOR_NAME = AccentColor;
				CODE_SIGN_STYLE = Automatic;
				CURRENT_PROJECT_VERSION = 1;
				DEVELOPMENT_TEAM = 8X7XT77XMM;
				ENABLE_PREVIEWS = YES;
				ENABLE_USER_SCRIPT_SANDBOXING = NO;
				GENERATE_INFOPLIST_FILE = YES;
				INFOPLIST_FILE = "dummy-app-2026-Info.plist";
				INFOPLIST_KEY_CFBundleDisplayName = "Firebase + Braze Dummy";
				INFOPLIST_KEY_LSApplicationCategoryType = "public.app-category.developer-tools";
				INFOPLIST_KEY_UIApplicationSceneManifest_Generation = YES;
				INFOPLIST_KEY_UIApplicationSupportsIndirectInputEvents = YES;
				INFOPLIST_KEY_UILaunchScreen_Generation = YES;
				INFOPLIST_KEY_UISupportedInterfaceOrientations_iPad = "UIInterfaceOrientationPortrait UIInterfaceOrientationPortraitUpsideDown UIInterfaceOrientationLandscapeLeft UIInterfaceOrientationLandscapeRight";
				INFOPLIST_KEY_UISupportedInterfaceOrientations_iPhone = "UIInterfaceOrientationPortrait UIInterfaceOrientationLandscapeLeft UIInterfaceOrientationLandscapeRight";
				LD_RUNPATH_SEARCH_PATHS = (
					"$(inherited)",
					"@executable_path/Frameworks",
				);
				MARKETING_VERSION = 1.0;
				PRODUCT_BUNDLE_IDENTIFIER = "momo.dummy-app-2026";
				PRODUCT_NAME = "$(TARGET_NAME)";
				SUPPORTED_PLATFORMS = "iphoneos iphonesimulator";
				SUPPORTS_MACCATALYST = NO;
				SUPPORTS_MAC_DESIGNED_FOR_IPHONE_IPAD = NO;
				SUPPORTS_XR_DESIGNED_FOR_IPHONE_IPAD = NO;
				SWIFT_EMIT_LOC_STRINGS = YES;
				SWIFT_OBJC_BRIDGING_HEADER = "";
				SWIFT_VERSION = 5.0;
				TARGETED_DEVICE_FAMILY = 1;
			};
			name = Release;
		};
		7615503C2F216A0B000F14AE /* Debug */ = {
			isa = XCBuildConfiguration;
			buildSettings = {
				BUNDLE_LOADER = "$(TEST_HOST)";
				CODE_SIGN_STYLE = Automatic;
				CURRENT_PROJECT_VERSION = 1;
				GENERATE_INFOPLIST_FILE = YES;
				IPHONEOS_DEPLOYMENT_TARGET = 18.5;
				MARKETING_VERSION = 1.0;
				PRODUCT_BUNDLE_IDENTIFIER = "momo.dummy-app-2026Tests";
				PRODUCT_NAME = "$(TARGET_NAME)";
				SWIFT_EMIT_LOC_STRINGS = NO;
				SWIFT_VERSION = 5.0;
				TARGETED_DEVICE_FAMILY = "1,2";
				TEST_HOST = "$(BUILT_PRODUCTS_DIR)/dummy.app.2026.app/$(BUNDLE_EXECUTABLE_FOLDER_PATH)/dummy.app.2026";
			};
			name = Debug;
		};
		7615503D2F216A0B000F14AE /* Release */ = {
			isa = XCBuildConfiguration;
			buildSettings = {
				BUNDLE_LOADER = "$(TEST_HOST)";
				CODE_SIGN_STYLE = Automatic;
				CURRENT_PROJECT_VERSION = 1;
				GENERATE_INFOPLIST_FILE = YES;
				IPHONEOS_DEPLOYMENT_TARGET = 18.5;
				MARKETING_VERSION = 1.0;
				PRODUCT_BUNDLE_IDENTIFIER = "momo.dummy-app-2026Tests";
				PRODUCT_NAME = "$(TARGET_NAME)";
				SWIFT_EMIT_LOC_STRINGS = NO;
				SWIFT_VERSION = 5.0;
				TARGETED_DEVICE_FAMILY = "1,2";
				TEST_HOST = "$(BUILT_PRODUCTS_DIR)/dummy.app.2026.app/$(BUNDLE_EXECUTABLE_FOLDER_PATH)/dummy.app.2026";
			};
			name = Release;
		};
		7615503F2F216A0B000F14AE /* Debug */ = {
			isa = XCBuildConfiguration;
			buildSettings = {
				CODE_SIGN_STYLE = Automatic;
				CURRENT_PROJECT_VERSION = 1;
				GENERATE_INFOPLIST_FILE = YES;
				MARKETING_VERSION = 1.0;
				PRODUCT_BUNDLE_IDENTIFIER = "momo.dummy-app-2026UITests";
				PRODUCT_NAME = "$(TARGET_NAME)";
				SWIFT_EMIT_LOC_STRINGS = NO;
				SWIFT_VERSION = 5.0;
				TARGETED_DEVICE_FAMILY = "1,2";
				TEST_TARGET_NAME = dummy.app.2026;
			};
			name = Debug;
		};
		761550402F216A0B000F14AE /* Release */ = {
			isa = XCBuildConfiguration;
			buildSettings = {
				CODE_SIGN_STYLE = Automatic;
				CURRENT_PROJECT_VERSION = 1;
				GENERATE_INFOPLIST_FILE = YES;
				MARKETING_VERSION = 1.0;
				PRODUCT_BUNDLE_IDENTIFIER = "momo.dummy-app-2026UITests";
				PRODUCT_NAME = "$(TARGET_NAME)";
				SWIFT_EMIT_LOC_STRINGS = NO;
				SWIFT_VERSION = 5.0;
				TARGETED_DEVICE_FAMILY = "1,2";
				TEST_TARGET_NAME = dummy.app.2026;
			};
			name = Release;
		};
/* End XCBuildConfiguration section */

/* Begin XCConfigurationList section */
		761550122F216A09000F14AE /* Build configuration list for PBXProject "dummy.app.2026" */ = {
			isa = XCConfigurationList;
			buildConfigurations = (
				761550362F216A0B000F14AE /* Debug */,
				761550372F216A0B000F14AE /* Release */,
			);
			defaultConfigurationIsVisible = 0;
			defaultConfigurationName = Release;
		};
		761550382F216A0B000F14AE /* Build configuration list for PBXNativeTarget "dummy.app.2026" */ = {
			isa = XCConfigurationList;
			buildConfigurations = (
				761550392F216A0B000F14AE /* Debug */,
				7615503A2F216A0B000F14AE /* Release */,
			);
			defaultConfigurationIsVisible = 0;
			defaultConfigurationName = Release;
		};
		7615503B2F216A0B000F14AE /* Build configuration list for PBXNativeTarget "dummy.app.2026Tests" */ = {
			isa = XCConfigurationList;
			buildConfigurations = (
				7615503C2F216A0B000F14AE /* Debug */,
				7615503D2F216A0B000F14AE /* Release */,
			);
			defaultConfigurationIsVisible = 0;
			defaultConfigurationName = Release;
		};
		7615503E2F216A0B000F14AE /* Build configuration list for PBXNativeTarget "dummy.app.2026UITests" */ = {
			isa = XCConfigurationList;
			buildConfigurations = (
				7615503F2F216A0B000F14AE /* Debug */,
				761550402F216A0B000F14AE /* Release */,
			);
			defaultConfigurationIsVisible = 0;
			defaultConfigurationName = Release;
		};
/* End XCConfigurationList section */

/* Begin XCRemoteSwiftPackageReference section */
		761BF3A12FD9A68F003183DA /* XCRemoteSwiftPackageReference "firebase-ios-sdk" */ = {
			isa = XCRemoteSwiftPackageReference;
			repositoryURL = "https://github.com/firebase/firebase-ios-sdk";
			requirement = {
				kind = upToNextMajorVersion;
				minimumVersion = 12.14.0;
			};
		};
		761BF3A22FD9AB06003183DA /* XCRemoteSwiftPackageReference "braze-swift-sdk" */ = {
			isa = XCRemoteSwiftPackageReference;
			repositoryURL = "https://github.com/braze-inc/braze-swift-sdk";
			requirement = {
				kind = upToNextMajorVersion;
				minimumVersion = 15.0.1;
			};
		};
/* End XCRemoteSwiftPackageReference section */

/* Begin XCSwiftPackageProductDependency section */
		768912462FD9B38E0046BFF8 /* FirebaseAnalytics */ = {
			isa = XCSwiftPackageProductDependency;
			package = 761BF3A12FD9A68F003183DA /* XCRemoteSwiftPackageReference "firebase-ios-sdk" */;
			productName = FirebaseAnalytics;
		};
		768912482FD9B38E0046BFF8 /* FirebaseAnalyticsCore */ = {
			isa = XCSwiftPackageProductDependency;
			package = 761BF3A12FD9A68F003183DA /* XCRemoteSwiftPackageReference "firebase-ios-sdk" */;
			productName = FirebaseAnalyticsCore;
		};
		7689124A2FD9B38E0046BFF8 /* FirebaseCore */ = {
			isa = XCSwiftPackageProductDependency;
			package = 761BF3A12FD9A68F003183DA /* XCRemoteSwiftPackageReference "firebase-ios-sdk" */;
			productName = FirebaseCore;
		};
		7689124C2FD9B38E0046BFF8 /* FirebaseCrashlytics */ = {
			isa = XCSwiftPackageProductDependency;
			package = 761BF3A12FD9A68F003183DA /* XCRemoteSwiftPackageReference "firebase-ios-sdk" */;
			productName = FirebaseCrashlytics;
		};
		7689124E2FD9B38E0046BFF8 /* FirebaseMessaging */ = {
			isa = XCSwiftPackageProductDependency;
			package = 761BF3A12FD9A68F003183DA /* XCRemoteSwiftPackageReference "firebase-ios-sdk" */;
			productName = FirebaseMessaging;
		};
		768912502FD9B38E0046BFF8 /* FirebasePerformance */ = {
			isa = XCSwiftPackageProductDependency;
			package = 761BF3A12FD9A68F003183DA /* XCRemoteSwiftPackageReference "firebase-ios-sdk" */;
			productName = FirebasePerformance;
		};
		768912522FD9B38E0046BFF8 /* FirebaseRemoteConfig */ = {
			isa = XCSwiftPackageProductDependency;
			package = 761BF3A12FD9A68F003183DA /* XCRemoteSwiftPackageReference "firebase-ios-sdk" */;
			productName = FirebaseRemoteConfig;
		};
		768912542FD9B38E0046BFF8 /* BrazeKit */ = {
			isa = XCSwiftPackageProductDependency;
			package = 761BF3A22FD9AB06003183DA /* XCRemoteSwiftPackageReference "braze-swift-sdk" */;
			productName = BrazeKit;
		};
/* End XCSwiftPackageProductDependency section */
	};
	rootObject = 7615500F2F216A09000F14AE /* Project object */;
}
